
Microsoft Visual Studio Solution File, Format Version 12.00
# Visual Studio Version 17
VisualStudioVersion = 17.14.37111.16 d17.14
MinimumVisualStudioVersion = 10.0.40219.1
Project("{FAE04EC0-301F-11D3-BF4B-00C04F79EFBC}") = "C#_Problem_Solving_2", "C#_Problem_Solving_2.csproj", "{36C759CB-1672-4AD6-AEC9-09177C7A0E3E}"
EndProject
Global
	GlobalSection(SolutionConfigurationPlatforms) = preSolution
		Debug|Any CPU = Debug|Any CPU
		Release|Any CPU = Release|Any CPU
	EndGlobalSection
	GlobalSection(ProjectConfigurationPlatforms) = postSolution
		{36C759CB-1672-4AD6-AEC9-09177C7A0E3E}.Debug|Any CPU.ActiveCfg = Debug|Any CPU
		{36C759CB-1672-4AD6-AEC9-09177C7A0E3E}.Debug|Any CPU.Build.0 = Debug|Any CPU
		{36C759CB-1672-4AD6-AEC9-09177C7A0E3E}.Release|Any CPU.ActiveCfg = Release|Any CPU
		{36C759CB-1672-4AD6-AEC9-09177C7A0E3E}.Release|Any CPU.Build.0 = Release|Any CPU
	EndGlobalSection
	GlobalSection(SolutionProperties) = preSolution
		HideSolutionNode = FALSE
	EndGlobalSection
	GlobalSection(ExtensibilityGlobals) = postSolution
		SolutionGuid = {7B964B06-D933-4AED-80DF-FC04AF83F6C9}
	EndGlobalSection
EndGlobal
