
Microsoft Visual Studio Solution File, Format Version 12.00
# Visual Studio Version 17
VisualStudioVersion = 17.14.37111.16 d17.14
MinimumVisualStudioVersion = 10.0.40219.1
Project("{FAE04EC0-301F-11D3-BF4B-00C04F79EFBC}") = "C#_OOP_Appliance_Class", "C#_OOP_Appliance_Class.csproj", "{A35F5FE6-99DB-48AB-B22B-771B5686CCB6}"
EndProject
Global
	GlobalSection(SolutionConfigurationPlatforms) = preSolution
		Debug|Any CPU = Debug|Any CPU
		Release|Any CPU = Release|Any CPU
	EndGlobalSection
	GlobalSection(ProjectConfigurationPlatforms) = postSolution
		{A35F5FE6-99DB-48AB-B22B-771B5686CCB6}.Debug|Any CPU.ActiveCfg = Debug|Any CPU
		{A35F5FE6-99DB-48AB-B22B-771B5686CCB6}.Debug|Any CPU.Build.0 = Debug|Any CPU
		{A35F5FE6-99DB-48AB-B22B-771B5686CCB6}.Release|Any CPU.ActiveCfg = Release|Any CPU
		{A35F5FE6-99DB-48AB-B22B-771B5686CCB6}.Release|Any CPU.Build.0 = Release|Any CPU
	EndGlobalSection
	GlobalSection(SolutionProperties) = preSolution
		HideSolutionNode = FALSE
	EndGlobalSection
	GlobalSection(ExtensibilityGlobals) = postSolution
		SolutionGuid = {636510C3-94CD-4FF9-8414-520AA1352CAD}
	EndGlobalSection
EndGlobal
