
Microsoft Visual Studio Solution File, Format Version 12.00
# Visual Studio Version 17
VisualStudioVersion = 17.14.37111.16 d17.14
MinimumVisualStudioVersion = 10.0.40219.1
Project("{FAE04EC0-301F-11D3-BF4B-00C04F79EFBC}") = "C#_OOP_Animal_Shape_Person_Classes", "C#_OOP_Animal_Shape_Person_Classes.csproj", "{120224DF-612D-4B42-A004-7F4C2B538157}"
EndProject
Global
	GlobalSection(SolutionConfigurationPlatforms) = preSolution
		Debug|Any CPU = Debug|Any CPU
		Release|Any CPU = Release|Any CPU
	EndGlobalSection
	GlobalSection(ProjectConfigurationPlatforms) = postSolution
		{120224DF-612D-4B42-A004-7F4C2B538157}.Debug|Any CPU.ActiveCfg = Debug|Any CPU
		{120224DF-612D-4B42-A004-7F4C2B538157}.Debug|Any CPU.Build.0 = Debug|Any CPU
		{120224DF-612D-4B42-A004-7F4C2B538157}.Release|Any CPU.ActiveCfg = Release|Any CPU
		{120224DF-612D-4B42-A004-7F4C2B538157}.Release|Any CPU.Build.0 = Release|Any CPU
	EndGlobalSection
	GlobalSection(SolutionProperties) = preSolution
		HideSolutionNode = FALSE
	EndGlobalSection
	GlobalSection(ExtensibilityGlobals) = postSolution
		SolutionGuid = {FD7B8658-E327-4B07-99DE-B5C78EBA1490}
	EndGlobalSection
EndGlobal
