
Microsoft Visual Studio Solution File, Format Version 12.00
# Visual Studio Version 17
VisualStudioVersion = 17.14.37111.16 d17.14
MinimumVisualStudioVersion = 10.0.40219.1
Project("{FAE04EC0-301F-11D3-BF4B-00C04F79EFBC}") = "C#_Problem_Solving_4", "C#_Problem_Solving_4.csproj", "{B1C2C7BF-29E9-4FA8-9DB6-F8F909B8D1B1}"
EndProject
Global
	GlobalSection(SolutionConfigurationPlatforms) = preSolution
		Debug|Any CPU = Debug|Any CPU
		Release|Any CPU = Release|Any CPU
	EndGlobalSection
	GlobalSection(ProjectConfigurationPlatforms) = postSolution
		{B1C2C7BF-29E9-4FA8-9DB6-F8F909B8D1B1}.Debug|Any CPU.ActiveCfg = Debug|Any CPU
		{B1C2C7BF-29E9-4FA8-9DB6-F8F909B8D1B1}.Debug|Any CPU.Build.0 = Debug|Any CPU
		{B1C2C7BF-29E9-4FA8-9DB6-F8F909B8D1B1}.Release|Any CPU.ActiveCfg = Release|Any CPU
		{B1C2C7BF-29E9-4FA8-9DB6-F8F909B8D1B1}.Release|Any CPU.Build.0 = Release|Any CPU
	EndGlobalSection
	GlobalSection(SolutionProperties) = preSolution
		HideSolutionNode = FALSE
	EndGlobalSection
	GlobalSection(ExtensibilityGlobals) = postSolution
		SolutionGuid = {56EEE552-D567-4F07-84CA-AA4716A9A2C2}
	EndGlobalSection
EndGlobal
