
Microsoft Visual Studio Solution File, Format Version 12.00
# Visual Studio Version 17
VisualStudioVersion = 17.14.37111.16 d17.14
MinimumVisualStudioVersion = 10.0.40219.1
Project("{FAE04EC0-301F-11D3-BF4B-00C04F79EFBC}") = "c_tasks", "c_tasks.csproj", "{BFBA6A93-E806-4910-B410-E5A7656B39CF}"
EndProject
Global
	GlobalSection(SolutionConfigurationPlatforms) = preSolution
		Debug|Any CPU = Debug|Any CPU
		Release|Any CPU = Release|Any CPU
	EndGlobalSection
	GlobalSection(ProjectConfigurationPlatforms) = postSolution
		{BFBA6A93-E806-4910-B410-E5A7656B39CF}.Debug|Any CPU.ActiveCfg = Debug|Any CPU
		{BFBA6A93-E806-4910-B410-E5A7656B39CF}.Debug|Any CPU.Build.0 = Debug|Any CPU
		{BFBA6A93-E806-4910-B410-E5A7656B39CF}.Release|Any CPU.ActiveCfg = Release|Any CPU
		{BFBA6A93-E806-4910-B410-E5A7656B39CF}.Release|Any CPU.Build.0 = Release|Any CPU
	EndGlobalSection
	GlobalSection(SolutionProperties) = preSolution
		HideSolutionNode = FALSE
	EndGlobalSection
	GlobalSection(ExtensibilityGlobals) = postSolution
		SolutionGuid = {D9F24D04-91AA-4831-8DC4-98A3291F1DAA}
	EndGlobalSection
EndGlobal
