
Microsoft Visual Studio Solution File, Format Version 12.00
# Visual Studio Version 17
VisualStudioVersion = 17.14.37111.16 d17.14
MinimumVisualStudioVersion = 10.0.40219.1
Project("{FAE04EC0-301F-11D3-BF4B-00C04F79EFBC}") = "C#_Loops_Strings_Arrays_Part_one", "C#_Loops_Strings_Arrays_Part_one.csproj", "{1597EC30-8262-4F50-8C83-1AFD2F9236F0}"
EndProject
Global
	GlobalSection(SolutionConfigurationPlatforms) = preSolution
		Debug|Any CPU = Debug|Any CPU
		Release|Any CPU = Release|Any CPU
	EndGlobalSection
	GlobalSection(ProjectConfigurationPlatforms) = postSolution
		{1597EC30-8262-4F50-8C83-1AFD2F9236F0}.Debug|Any CPU.ActiveCfg = Debug|Any CPU
		{1597EC30-8262-4F50-8C83-1AFD2F9236F0}.Debug|Any CPU.Build.0 = Debug|Any CPU
		{1597EC30-8262-4F50-8C83-1AFD2F9236F0}.Release|Any CPU.ActiveCfg = Release|Any CPU
		{1597EC30-8262-4F50-8C83-1AFD2F9236F0}.Release|Any CPU.Build.0 = Release|Any CPU
	EndGlobalSection
	GlobalSection(SolutionProperties) = preSolution
		HideSolutionNode = FALSE
	EndGlobalSection
	GlobalSection(ExtensibilityGlobals) = postSolution
		SolutionGuid = {3E816FF9-F861-4DA7-881C-9052B07A0D23}
	EndGlobalSection
EndGlobal
