
Microsoft Visual Studio Solution File, Format Version 12.00
# Visual Studio Version 17
VisualStudioVersion = 17.14.37111.16 d17.14
MinimumVisualStudioVersion = 10.0.40219.1
Project("{FAE04EC0-301F-11D3-BF4B-00C04F79EFBC}") = "C#_OOP_Employee_Class", "C#_OOP_Employee_Class.csproj", "{336D9C34-14D8-40DF-BF0E-2CABECB697EE}"
EndProject
Global
	GlobalSection(SolutionConfigurationPlatforms) = preSolution
		Debug|Any CPU = Debug|Any CPU
		Release|Any CPU = Release|Any CPU
	EndGlobalSection
	GlobalSection(ProjectConfigurationPlatforms) = postSolution
		{336D9C34-14D8-40DF-BF0E-2CABECB697EE}.Debug|Any CPU.ActiveCfg = Debug|Any CPU
		{336D9C34-14D8-40DF-BF0E-2CABECB697EE}.Debug|Any CPU.Build.0 = Debug|Any CPU
		{336D9C34-14D8-40DF-BF0E-2CABECB697EE}.Release|Any CPU.ActiveCfg = Release|Any CPU
		{336D9C34-14D8-40DF-BF0E-2CABECB697EE}.Release|Any CPU.Build.0 = Release|Any CPU
	EndGlobalSection
	GlobalSection(SolutionProperties) = preSolution
		HideSolutionNode = FALSE
	EndGlobalSection
	GlobalSection(ExtensibilityGlobals) = postSolution
		SolutionGuid = {4B412453-71B0-48BC-8369-7FBAE548E95D}
	EndGlobalSection
EndGlobal
