
Microsoft Visual Studio Solution File, Format Version 12.00
# Visual Studio Version 17
VisualStudioVersion = 17.14.37111.16 d17.14
MinimumVisualStudioVersion = 10.0.40219.1
Project("{FAE04EC0-301F-11D3-BF4B-00C04F79EFBC}") = "C#_OOP_ MathUtilities_Class", "C#_OOP_ MathUtilities_Class.csproj", "{24DD85AA-4E14-4622-A9AB-8FA03193AC26}"
EndProject
Global
	GlobalSection(SolutionConfigurationPlatforms) = preSolution
		Debug|Any CPU = Debug|Any CPU
		Release|Any CPU = Release|Any CPU
	EndGlobalSection
	GlobalSection(ProjectConfigurationPlatforms) = postSolution
		{24DD85AA-4E14-4622-A9AB-8FA03193AC26}.Debug|Any CPU.ActiveCfg = Debug|Any CPU
		{24DD85AA-4E14-4622-A9AB-8FA03193AC26}.Debug|Any CPU.Build.0 = Debug|Any CPU
		{24DD85AA-4E14-4622-A9AB-8FA03193AC26}.Release|Any CPU.ActiveCfg = Release|Any CPU
		{24DD85AA-4E14-4622-A9AB-8FA03193AC26}.Release|Any CPU.Build.0 = Release|Any CPU
	EndGlobalSection
	GlobalSection(SolutionProperties) = preSolution
		HideSolutionNode = FALSE
	EndGlobalSection
	GlobalSection(ExtensibilityGlobals) = postSolution
		SolutionGuid = {98173734-09DD-4327-B105-89CFD19C29DC}
	EndGlobalSection
EndGlobal
