
Microsoft Visual Studio Solution File, Format Version 12.00
# Visual Studio Version 17
VisualStudioVersion = 17.14.37111.16 d17.14
MinimumVisualStudioVersion = 10.0.40219.1
Project("{FAE04EC0-301F-11D3-BF4B-00C04F79EFBC}") = "C#_Problem_Solving_3", "C#_Problem_Solving_3.csproj", "{EA2D8200-35BC-4E87-8594-49051F4E8174}"
EndProject
Global
	GlobalSection(SolutionConfigurationPlatforms) = preSolution
		Debug|Any CPU = Debug|Any CPU
		Release|Any CPU = Release|Any CPU
	EndGlobalSection
	GlobalSection(ProjectConfigurationPlatforms) = postSolution
		{EA2D8200-35BC-4E87-8594-49051F4E8174}.Debug|Any CPU.ActiveCfg = Debug|Any CPU
		{EA2D8200-35BC-4E87-8594-49051F4E8174}.Debug|Any CPU.Build.0 = Debug|Any CPU
		{EA2D8200-35BC-4E87-8594-49051F4E8174}.Release|Any CPU.ActiveCfg = Release|Any CPU
		{EA2D8200-35BC-4E87-8594-49051F4E8174}.Release|Any CPU.Build.0 = Release|Any CPU
	EndGlobalSection
	GlobalSection(SolutionProperties) = preSolution
		HideSolutionNode = FALSE
	EndGlobalSection
	GlobalSection(ExtensibilityGlobals) = postSolution
		SolutionGuid = {A3EA9A72-B1E7-483C-8905-E3F9EF424673}
	EndGlobalSection
EndGlobal
